{
  "name": "DemoTSSP",
  "lockfileVersion": 2,
  "requires": true,
  "packages": {
    "": {
      "dependencies": {
        "@syncfusion/ej2-react-buttons": "^19.1.63",
        "@syncfusion/ej2-react-circulargauge": "^19.2.47",
        "@syncfusion/ej2-react-schedule": "^19.1.66",
        "moment": "^2.29.1",
        "react-compound-timer": "^1.2.0"
      }
    },
    "node_modules/@syncfusion/ej2-base": {
      "version": "19.1.64",
      "resolved": "https://registry.npmjs.org/@syncfusion/ej2-base/-/ej2-base-19.1.64.tgz",
      "integrity": "sha512-1DwvZ0ul/8AuHfWJU4m9fMtsztHsA5r2vgTW+S3UYSiGn7tOnKc6lDfUhlz+yn/sioYUVHVqZXyt5E5d4XAQTw==",
      "dependencies": {
        "@syncfusion/ej2-icons": "~19.1.63"
      }
    },
    "node_modules/@syncfusion/ej2-buttons": {
      "version": "19.1.63",
      "resolved": "https://registry.npmjs.org/@syncfusion/ej2-buttons/-/ej2-buttons-19.1.63.tgz",
      "integrity": "sha512-kChTWZiZHcroAfaF22N7b1JDSK3U+mPlJHEozjx/qFx8DL5F7p9NunrtsehWYzssWD5FSabdnbcJ6fU4JYACNQ==",
      "dependencies": {
        "@syncfusion/ej2-base": "~19.1.63"
      }
    },
    "node_modules/@syncfusion/ej2-calendars": {
      "version": "19.1.66",
      "resolved": "https://registry.npmjs.org/@syncfusion/ej2-calendars/-/ej2-calendars-19.1.66.tgz",
      "integrity": "sha512-0OpFtSJ10ilXF19JU8dJrj9n229TA8ZfEXzeQyeS2ejTa1NoUBCsU/TTgkoT2UP1s6mxWty5ojtsLrHsESC9pQ==",
      "dependencies": {
        "@syncfusion/ej2-base": "~19.1.64",
        "@syncfusion/ej2-buttons": "~19.1.63",
        "@syncfusion/ej2-inputs": "~19.1.66",
        "@syncfusion/ej2-lists": "~19.1.65",
        "@syncfusion/ej2-popups": "~19.1.66"
      }
    },
    "node_modules/@syncfusion/ej2-circulargauge": {
      "version": "19.2.47",
      "resolved": "https://registry.npmjs.org/@syncfusion/ej2-circulargauge/-/ej2-circulargauge-19.2.47.tgz",
      "integrity": "sha512-+TbC1D56RUFhh5SBsfAvJUBiQKt/Km/0z3x8oz5qYyM4hVIOjO8tuVQDC+UYjwoNlMFOTPReh0jnvfj6OvZ6gQ==",
      "dependencies": {
        "@syncfusion/ej2-base": "~19.2.47",
        "@syncfusion/ej2-pdf-export": "~19.2.46",
        "@syncfusion/ej2-svg-base": "~19.2.44"
      }
    },
    "node_modules/@syncfusion/ej2-circulargauge/node_modules/@syncfusion/ej2-base": {
      "version": "19.2.47",
      "resolved": "https://registry.npmjs.org/@syncfusion/ej2-base/-/ej2-base-19.2.47.tgz",
      "integrity": "sha512-LrD79n9K7El+jYnOxaFZfRdB6KEAHw30/5iFGYERsVDn3FNFM9F0wJnsrn6xezTFNxkGIrwuCXkrOOWdm+gHBA==",
      "dependencies": {
        "@syncfusion/ej2-icons": "~19.2.44"
      }
    },
    "node_modules/@syncfusion/ej2-circulargauge/node_modules/@syncfusion/ej2-icons": {
      "version": "19.2.44",
      "resolved": "https://registry.npmjs.org/@syncfusion/ej2-icons/-/ej2-icons-19.2.44.tgz",
      "integrity": "sha512-FXOQ6L90aLgn9ab6hUlX4TG01ztqy974DqxF/8JCIkT+V0BBbDdcQ/un5+j71elXtH5EpNYA6WjnVLiisuoZoA=="
    },
    "node_modules/@syncfusion/ej2-compression": {
      "version": "19.1.63",
      "resolved": "https://registry.npmjs.org/@syncfusion/ej2-compression/-/ej2-compression-19.1.63.tgz",
      "integrity": "sha512-/I7deN2QMhJsVxYZB+FFM6mDG6q7YlchMsoo8rjC13riC0pCfOTkqnQ7yJVFUNXh4IV+C2sXHoevd3x15iiT2Q==",
      "dependencies": {
        "@syncfusion/ej2-file-utils": "~19.1.63"
      }
    },
    "node_modules/@syncfusion/ej2-data": {
      "version": "19.1.63",
      "resolved": "https://registry.npmjs.org/@syncfusion/ej2-data/-/ej2-data-19.1.63.tgz",
      "integrity": "sha512-b/CDLzLHpdL57/RX7FW8rB6DYtozxbAPBa1OWpzFs/cnf084D2XpSnigaplmbsFwFTQ1O+aaDYWEBn892kn/gw==",
      "dependencies": {
        "@syncfusion/ej2-base": "~19.1.63"
      }
    },
    "node_modules/@syncfusion/ej2-dropdowns": {
      "version": "19.1.65",
      "resolved": "https://registry.npmjs.org/@syncfusion/ej2-dropdowns/-/ej2-dropdowns-19.1.65.tgz",
      "integrity": "sha512-BtNRjcxfB/gAeWtEEKCEmSvFhKvlmcz/7mSTTOJJ/jCTO062U4/5MF/24gAKNiwGi+jay5QCmIfRxWhd2f4AXg==",
      "dependencies": {
        "@syncfusion/ej2-base": "~19.1.64",
        "@syncfusion/ej2-data": "~19.1.63",
        "@syncfusion/ej2-inputs": "~19.1.63",
        "@syncfusion/ej2-lists": "~19.1.65",
        "@syncfusion/ej2-navigations": "~19.1.63",
        "@syncfusion/ej2-popups": "~19.1.64"
      }
    },
    "node_modules/@syncfusion/ej2-excel-export": {
      "version": "19.1.66",
      "resolved": "https://registry.npmjs.org/@syncfusion/ej2-excel-export/-/ej2-excel-export-19.1.66.tgz",
      "integrity": "sha512-8MmfPSTLwwRmU/hEb6xwrftg4ogOwQWMpkmekJS5wYNIYpTqQvOcdqd+liaK/nlBuAvZ+38K+zmnScAp500o1w==",
      "dependencies": {
        "@syncfusion/ej2-base": "~19.1.64",
        "@syncfusion/ej2-compression": "~19.1.63"
      }
    },
    "node_modules/@syncfusion/ej2-file-utils": {
      "version": "19.1.63",
      "resolved": "https://registry.npmjs.org/@syncfusion/ej2-file-utils/-/ej2-file-utils-19.1.63.tgz",
      "integrity": "sha512-R1EW7/VsA1Wqpl+BxcqgR6ceQz3aD/L1Mrn4vEfUfxb4ZFsRzmNdSBAl8p/oqKuhOhoBR/9kZqJYIZC5FRp48g=="
    },
    "node_modules/@syncfusion/ej2-icons": {
      "version": "19.1.63",
      "resolved": "https://registry.npmjs.org/@syncfusion/ej2-icons/-/ej2-icons-19.1.63.tgz",
      "integrity": "sha512-v8u+Us55IxqMRZzCdj8ueRgkbVylilaNeuySgdlOHumjucsH9xo24XLJ7iQaSYsOcz9df8yDsd2DsfXAepBQhw=="
    },
    "node_modules/@syncfusion/ej2-inputs": {
      "version": "19.1.66",
      "resolved": "https://registry.npmjs.org/@syncfusion/ej2-inputs/-/ej2-inputs-19.1.66.tgz",
      "integrity": "sha512-do3g6b5lGXdWERJwHwMiwWQIADaJXOdNrhk8jGFpr5eYu+dqzKTN+DsXZixKT+bIm3q8uBklF92EoKzB8vs7hw==",
      "dependencies": {
        "@syncfusion/ej2-base": "~19.1.64",
        "@syncfusion/ej2-buttons": "~19.1.63",
        "@syncfusion/ej2-popups": "~19.1.66",
        "@syncfusion/ej2-splitbuttons": "~19.1.63"
      }
    },
    "node_modules/@syncfusion/ej2-lists": {
      "version": "19.1.65",
      "resolved": "https://registry.npmjs.org/@syncfusion/ej2-lists/-/ej2-lists-19.1.65.tgz",
      "integrity": "sha512-XBBRbP5JoHGgOkP29PMGzSWxKmGIZWDvLqG7ZDmXYYrWF+KXO6tJvQxSuiwOKeKThi0un5TPIZvBLDg0f/XUxg==",
      "dependencies": {
        "@syncfusion/ej2-base": "~19.1.64",
        "@syncfusion/ej2-buttons": "~19.1.63",
        "@syncfusion/ej2-data": "~19.1.63"
      }
    },
    "node_modules/@syncfusion/ej2-navigations": {
      "version": "19.1.66",
      "resolved": "https://registry.npmjs.org/@syncfusion/ej2-navigations/-/ej2-navigations-19.1.66.tgz",
      "integrity": "sha512-djYvUDbxCwFnCNN2ZpfJiHJDJ9VGcBd+9ZSW34zjNtQLQgmbK9NMsITIYW8+fenbcGzdAdnV0h0HxuiOFijt2A==",
      "dependencies": {
        "@syncfusion/ej2-base": "~19.1.64",
        "@syncfusion/ej2-buttons": "~19.1.63",
        "@syncfusion/ej2-data": "~19.1.63",
        "@syncfusion/ej2-inputs": "~19.1.66",
        "@syncfusion/ej2-lists": "~19.1.65",
        "@syncfusion/ej2-popups": "~19.1.66"
      }
    },
    "node_modules/@syncfusion/ej2-pdf-export": {
      "version": "19.2.46",
      "resolved": "https://registry.npmjs.org/@syncfusion/ej2-pdf-export/-/ej2-pdf-export-19.2.46.tgz",
      "integrity": "sha512-cdeEL74yzcHfBaQ93oS/JokcMFifEn+VlBH0lkynohBoAZwssN9+CMEatKXvdWC84QczPR63hvajIT21WSprtw==",
      "dependencies": {
        "@syncfusion/ej2-compression": "~19.2.44"
      }
    },
    "node_modules/@syncfusion/ej2-pdf-export/node_modules/@syncfusion/ej2-compression": {
      "version": "19.2.44",
      "resolved": "https://registry.npmjs.org/@syncfusion/ej2-compression/-/ej2-compression-19.2.44.tgz",
      "integrity": "sha512-iB2jDB1/36I8GURQS+YROxz0EQW8lzy7EhcHqjyHQwjhXJPb/+a3R32uzexXMh8t80z7wZ9IXf5jHSPnWPAXhA==",
      "dependencies": {
        "@syncfusion/ej2-file-utils": "~19.2.44"
      }
    },
    "node_modules/@syncfusion/ej2-pdf-export/node_modules/@syncfusion/ej2-file-utils": {
      "version": "19.2.44",
      "resolved": "https://registry.npmjs.org/@syncfusion/ej2-file-utils/-/ej2-file-utils-19.2.44.tgz",
      "integrity": "sha512-STVMHeeCcrfmuTwsmYeeyM+8OgpGqXP0usLCEp5d39cl7Jzct8T3eqpMKLpvFzUNhknHI6r493JhOvCw/WoZbA=="
    },
    "node_modules/@syncfusion/ej2-popups": {
      "version": "19.1.66",
      "resolved": "https://registry.npmjs.org/@syncfusion/ej2-popups/-/ej2-popups-19.1.66.tgz",
      "integrity": "sha512-GhPEsPayibcwW9oXCtR+F3+ewomB5ZAmmmJoKIIJvJzbIo0EMle0ftENW1HN4ROJBdIqjWu7aGboOaz6AeuBXw==",
      "dependencies": {
        "@syncfusion/ej2-base": "~19.1.64",
        "@syncfusion/ej2-buttons": "~19.1.63"
      }
    },
    "node_modules/@syncfusion/ej2-react-buttons": {
      "version": "19.1.63",
      "resolved": "https://registry.npmjs.org/@syncfusion/ej2-react-buttons/-/ej2-react-buttons-19.1.63.tgz",
      "integrity": "sha512-m2RAft5J1Ye6ZkYCsFV+KbaSdsk2suQvGfaSeITwEhNfAJWpWmbVASiIX49FxyclrFowNSKx6es8rZZjPeuQFw==",
      "dependencies": {
        "@syncfusion/ej2-base": "~19.1.63",
        "@syncfusion/ej2-buttons": "19.1.63",
        "@syncfusion/ej2-react-base": "~19.1.63"
      }
    },
    "node_modules/@syncfusion/ej2-react-buttons/node_modules/@syncfusion/ej2-react-base": {
      "version": "19.1.65",
      "resolved": "https://registry.npmjs.org/@syncfusion/ej2-react-base/-/ej2-react-base-19.1.65.tgz",
      "integrity": "sha512-7i1mKOh3nBz9bR2N8zQrFcjA40nEwbdMiK2u4dOH3TixKhS6OMBf7Xul7XNY6AZiasGSueQHIPyBRp69/syQaQ==",
      "dependencies": {
        "@syncfusion/ej2-base": "~19.1.64"
      },
      "peerDependencies": {
        "react": "16.13.1 - 17.0.2",
        "react-dom": "16.13.1 - 17.0.2"
      }
    },
    "node_modules/@syncfusion/ej2-react-buttons/node_modules/react": {
      "version": "17.0.2",
      "resolved": "https://registry.npmjs.org/react/-/react-17.0.2.tgz",
      "integrity": "sha512-gnhPt75i/dq/z3/6q/0asP78D0u592D5L1pd7M8P+dck6Fu/jJeL6iVVK23fptSUZj8Vjf++7wXA8UNclGQcbA==",
      "peer": true,
      "dependencies": {
        "loose-envify": "^1.1.0",
        "object-assign": "^4.1.1"
      },
      "engines": {
        "node": ">=0.10.0"
      }
    },
    "node_modules/@syncfusion/ej2-react-buttons/node_modules/react-dom": {
      "version": "17.0.2",
      "resolved": "https://registry.npmjs.org/react-dom/-/react-dom-17.0.2.tgz",
      "integrity": "sha512-s4h96KtLDUQlsENhMn1ar8t2bEa+q/YAtj8pPPdIjPDGBDIVNsrD9aXNWqspUe6AzKCIG0C1HZZLqLV7qpOBGA==",
      "peer": true,
      "dependencies": {
        "loose-envify": "^1.1.0",
        "object-assign": "^4.1.1",
        "scheduler": "^0.20.2"
      },
      "peerDependencies": {
        "react": "17.0.2"
      }
    },
    "node_modules/@syncfusion/ej2-react-circulargauge": {
      "version": "19.2.47",
      "resolved": "https://registry.npmjs.org/@syncfusion/ej2-react-circulargauge/-/ej2-react-circulargauge-19.2.47.tgz",
      "integrity": "sha512-gzDkHVIpmHSZOLlD1cdFYJwn2kwBuWhtFgfzK1hudWdTBIoUsVzVGfn/sdDt9O0HJBAVmKy6W1V3IrXCmfdWDQ==",
      "dependencies": {
        "@syncfusion/ej2-base": "~19.2.47",
        "@syncfusion/ej2-circulargauge": "19.2.47",
        "@syncfusion/ej2-react-base": "~19.2.44"
      }
    },
    "node_modules/@syncfusion/ej2-react-circulargauge/node_modules/@syncfusion/ej2-base": {
      "version": "19.2.47",
      "resolved": "https://registry.npmjs.org/@syncfusion/ej2-base/-/ej2-base-19.2.47.tgz",
      "integrity": "sha512-LrD79n9K7El+jYnOxaFZfRdB6KEAHw30/5iFGYERsVDn3FNFM9F0wJnsrn6xezTFNxkGIrwuCXkrOOWdm+gHBA==",
      "dependencies": {
        "@syncfusion/ej2-icons": "~19.2.44"
      }
    },
    "node_modules/@syncfusion/ej2-react-circulargauge/node_modules/@syncfusion/ej2-icons": {
      "version": "19.2.44",
      "resolved": "https://registry.npmjs.org/@syncfusion/ej2-icons/-/ej2-icons-19.2.44.tgz",
      "integrity": "sha512-FXOQ6L90aLgn9ab6hUlX4TG01ztqy974DqxF/8JCIkT+V0BBbDdcQ/un5+j71elXtH5EpNYA6WjnVLiisuoZoA=="
    },
    "node_modules/@syncfusion/ej2-react-circulargauge/node_modules/@syncfusion/ej2-react-base": {
      "version": "19.2.44",
      "resolved": "https://registry.npmjs.org/@syncfusion/ej2-react-base/-/ej2-react-base-19.2.44.tgz",
      "integrity": "sha512-RhE7K6LZzqb3fONz1LGcy/l8K1QFFeL6galnJ/EFZcd8lKdF39PIPojB6OzxQuvfl2hjjHYT9gAkgfXAXHmomw==",
      "dependencies": {
        "@syncfusion/ej2-base": "~19.2.44"
      },
      "peerDependencies": {
        "react": "16.13.1 - 17.0.2",
        "react-dom": "16.13.1 - 17.0.2"
      }
    },
    "node_modules/@syncfusion/ej2-react-circulargauge/node_modules/react": {
      "version": "17.0.2",
      "resolved": "https://registry.npmjs.org/react/-/react-17.0.2.tgz",
      "integrity": "sha512-gnhPt75i/dq/z3/6q/0asP78D0u592D5L1pd7M8P+dck6Fu/jJeL6iVVK23fptSUZj8Vjf++7wXA8UNclGQcbA==",
      "peer": true,
      "dependencies": {
        "loose-envify": "^1.1.0",
        "object-assign": "^4.1.1"
      },
      "engines": {
        "node": ">=0.10.0"
      }
    },
    "node_modules/@syncfusion/ej2-react-circulargauge/node_modules/react-dom": {
      "version": "17.0.2",
      "resolved": "https://registry.npmjs.org/react-dom/-/react-dom-17.0.2.tgz",
      "integrity": "sha512-s4h96KtLDUQlsENhMn1ar8t2bEa+q/YAtj8pPPdIjPDGBDIVNsrD9aXNWqspUe6AzKCIG0C1HZZLqLV7qpOBGA==",
      "peer": true,
      "dependencies": {
        "loose-envify": "^1.1.0",
        "object-assign": "^4.1.1",
        "scheduler": "^0.20.2"
      },
      "peerDependencies": {
        "react": "17.0.2"
      }
    },
    "node_modules/@syncfusion/ej2-react-schedule": {
      "version": "19.1.66",
      "resolved": "https://registry.npmjs.org/@syncfusion/ej2-react-schedule/-/ej2-react-schedule-19.1.66.tgz",
      "integrity": "sha512-bpE37339vEimgFCm1PuYeCZ5UntMwMXf346O+7ahsDXzZCTa6oElzzNtU6ud60vAna3bIw9xdrg3uagGyKTVpw==",
      "dependencies": {
        "@syncfusion/ej2-base": "~19.1.64",
        "@syncfusion/ej2-react-base": "~19.1.65",
        "@syncfusion/ej2-schedule": "19.1.66"
      }
    },
    "node_modules/@syncfusion/ej2-react-schedule/node_modules/@syncfusion/ej2-react-base": {
      "version": "19.1.65",
      "resolved": "https://registry.npmjs.org/@syncfusion/ej2-react-base/-/ej2-react-base-19.1.65.tgz",
      "integrity": "sha512-7i1mKOh3nBz9bR2N8zQrFcjA40nEwbdMiK2u4dOH3TixKhS6OMBf7Xul7XNY6AZiasGSueQHIPyBRp69/syQaQ==",
      "dependencies": {
        "@syncfusion/ej2-base": "~19.1.64"
      },
      "peerDependencies": {
        "react": "16.13.1 - 17.0.2",
        "react-dom": "16.13.1 - 17.0.2"
      }
    },
    "node_modules/@syncfusion/ej2-react-schedule/node_modules/react": {
      "version": "17.0.2",
      "resolved": "https://registry.npmjs.org/react/-/react-17.0.2.tgz",
      "integrity": "sha512-gnhPt75i/dq/z3/6q/0asP78D0u592D5L1pd7M8P+dck6Fu/jJeL6iVVK23fptSUZj8Vjf++7wXA8UNclGQcbA==",
      "peer": true,
      "dependencies": {
        "loose-envify": "^1.1.0",
        "object-assign": "^4.1.1"
      },
      "engines": {
        "node": ">=0.10.0"
      }
    },
    "node_modules/@syncfusion/ej2-react-schedule/node_modules/react-dom": {
      "version": "17.0.2",
      "resolved": "https://registry.npmjs.org/react-dom/-/react-dom-17.0.2.tgz",
      "integrity": "sha512-s4h96KtLDUQlsENhMn1ar8t2bEa+q/YAtj8pPPdIjPDGBDIVNsrD9aXNWqspUe6AzKCIG0C1HZZLqLV7qpOBGA==",
      "peer": true,
      "dependencies": {
        "loose-envify": "^1.1.0",
        "object-assign": "^4.1.1",
        "scheduler": "^0.20.2"
      },
      "peerDependencies": {
        "react": "17.0.2"
      }
    },
    "node_modules/@syncfusion/ej2-schedule": {
      "version": "19.1.66",
      "resolved": "https://registry.npmjs.org/@syncfusion/ej2-schedule/-/ej2-schedule-19.1.66.tgz",
      "integrity": "sha512-TXlTtlsM9bSXNHWPy0CS6RH6eK14EJFi4UDbVQUV88UA429AnYNF4sixu7BneIqj7j2l6gM7xJWqpbFlSDgNYg==",
      "dependencies": {
        "@syncfusion/ej2-base": "~19.1.64",
        "@syncfusion/ej2-buttons": "~19.1.63",
        "@syncfusion/ej2-calendars": "~19.1.66",
        "@syncfusion/ej2-data": "~19.1.63",
        "@syncfusion/ej2-dropdowns": "~19.1.65",
        "@syncfusion/ej2-excel-export": "~19.1.66",
        "@syncfusion/ej2-inputs": "~19.1.66",
        "@syncfusion/ej2-lists": "~19.1.65",
        "@syncfusion/ej2-navigations": "~19.1.66",
        "@syncfusion/ej2-popups": "~19.1.66"
      }
    },
    "node_modules/@syncfusion/ej2-splitbuttons": {
      "version": "19.1.63",
      "resolved": "https://registry.npmjs.org/@syncfusion/ej2-splitbuttons/-/ej2-splitbuttons-19.1.63.tgz",
      "integrity": "sha512-y9MV/YPXQ3ZXpmoNZgqBw9JCY2ECoSD4bUjL714h/+NI381fZVE3jOjJb7G1NkbEKJ353JUUs7Sg/XVMx4LDYA==",
      "dependencies": {
        "@syncfusion/ej2-base": "~19.1.63",
        "@syncfusion/ej2-popups": "~19.1.63"
      }
    },
    "node_modules/@syncfusion/ej2-svg-base": {
      "version": "19.2.44",
      "resolved": "https://registry.npmjs.org/@syncfusion/ej2-svg-base/-/ej2-svg-base-19.2.44.tgz",
      "integrity": "sha512-jT8YrUU2vKiHt9zYfX8/9Z0OTXTQHuO+cEmDEKtc6q57TH1cZAM0yowwKBur08MoDDDwEKTrUoTrZS8XOVHrLA==",
      "dependencies": {
        "@syncfusion/ej2-base": "~19.2.44"
      }
    },
    "node_modules/@syncfusion/ej2-svg-base/node_modules/@syncfusion/ej2-base": {
      "version": "19.2.47",
      "resolved": "https://registry.npmjs.org/@syncfusion/ej2-base/-/ej2-base-19.2.47.tgz",
      "integrity": "sha512-LrD79n9K7El+jYnOxaFZfRdB6KEAHw30/5iFGYERsVDn3FNFM9F0wJnsrn6xezTFNxkGIrwuCXkrOOWdm+gHBA==",
      "dependencies": {
        "@syncfusion/ej2-icons": "~19.2.44"
      }
    },
    "node_modules/@syncfusion/ej2-svg-base/node_modules/@syncfusion/ej2-icons": {
      "version": "19.2.44",
      "resolved": "https://registry.npmjs.org/@syncfusion/ej2-icons/-/ej2-icons-19.2.44.tgz",
      "integrity": "sha512-FXOQ6L90aLgn9ab6hUlX4TG01ztqy974DqxF/8JCIkT+V0BBbDdcQ/un5+j71elXtH5EpNYA6WjnVLiisuoZoA=="
    },
    "node_modules/js-tokens": {
      "version": "4.0.0",
      "resolved": "https://registry.npmjs.org/js-tokens/-/js-tokens-4.0.0.tgz",
      "integrity": "sha512-RdJUflcE3cUzKiMqQgsCu06FPu9UdIJO0beYbPhHN4k6apgJtifcoCtT9bcxOpYBtpD2kCM6Sbzg4CausW/PKQ==",
      "peer": true
    },
    "node_modules/loose-envify": {
      "version": "1.4.0",
      "resolved": "https://registry.npmjs.org/loose-envify/-/loose-envify-1.4.0.tgz",
      "integrity": "sha512-lyuxPGr/Wfhrlem2CL/UcnUc1zcqKAImBDzukY7Y5F/yQiNdko6+fRLevlw1HgMySw7f611UIY408EtxRSoK3Q==",
      "peer": true,
      "dependencies": {
        "js-tokens": "^3.0.0 || ^4.0.0"
      },
      "bin": {
        "loose-envify": "cli.js"
      }
    },
    "node_modules/moment": {
      "version": "2.29.1",
      "resolved": "https://registry.npmjs.org/moment/-/moment-2.29.1.tgz",
      "integrity": "sha512-kHmoybcPV8Sqy59DwNDY3Jefr64lK/by/da0ViFcuA4DH0vQg5Q6Ze5VimxkfQNSC+Mls/Kx53s7TjP1RhFEDQ==",
      "engines": {
        "node": "*"
      }
    },
    "node_modules/object-assign": {
      "version": "4.1.1",
      "resolved": "https://registry.npmjs.org/object-assign/-/object-assign-4.1.1.tgz",
      "integrity": "sha1-IQmtx5ZYh8/AXLvUQsrIv7s2CGM=",
      "peer": true,
      "engines": {
        "node": ">=0.10.0"
      }
    },
    "node_modules/prop-types": {
      "version": "15.7.2",
      "resolved": "https://registry.npmjs.org/prop-types/-/prop-types-15.7.2.tgz",
      "integrity": "sha512-8QQikdH7//R2vurIJSutZ1smHYTcLpRWEOlHnzcWHmBYrOGUysKwSsrC89BCiFj3CbrfJ/nXFdJepOVrY1GCHQ==",
      "peer": true,
      "dependencies": {
        "loose-envify": "^1.4.0",
        "object-assign": "^4.1.1",
        "react-is": "^16.8.1"
      }
    },
    "node_modules/react": {
      "version": "16.14.0",
      "resolved": "https://registry.npmjs.org/react/-/react-16.14.0.tgz",
      "integrity": "sha512-0X2CImDkJGApiAlcf0ODKIneSwBPhqJawOa5wCtKbu7ZECrmS26NvtSILynQ66cgkT/RJ4LidJOc3bUESwmU8g==",
      "peer": true,
      "dependencies": {
        "loose-envify": "^1.1.0",
        "object-assign": "^4.1.1",
        "prop-types": "^15.6.2"
      },
      "engines": {
        "node": ">=0.10.0"
      }
    },
    "node_modules/react-compound-timer": {
      "version": "1.2.0",
      "resolved": "https://registry.npmjs.org/react-compound-timer/-/react-compound-timer-1.2.0.tgz",
      "integrity": "sha512-BEFT0Z/+vusfAy4Ci1+G5lr8mI+dk3ddRJuu1DIYA5xGS+5P+M0o4krHmFMKgHuaIY9H3xx0KCvf3ilb1+HFWA==",
      "peerDependencies": {
        "react": "^16.8.6"
      }
    },
    "node_modules/react-is": {
      "version": "16.13.1",
      "resolved": "https://registry.npmjs.org/react-is/-/react-is-16.13.1.tgz",
      "integrity": "sha512-24e6ynE2H+OKt4kqsOvNd8kBpV65zoxbA4BVsEOB3ARVWQki/DHzaUoC5KuON/BiccDaCCTZBuOcfZs70kR8bQ==",
      "peer": true
    },
    "node_modules/scheduler": {
      "version": "0.20.2",
      "resolved": "https://registry.npmjs.org/scheduler/-/scheduler-0.20.2.tgz",
      "integrity": "sha512-2eWfGgAqqWFGqtdMmcL5zCMK1U8KlXv8SQFGglL3CEtd0aDVDWgeF/YoCmvln55m5zSk3J/20hTaSBeSObsQDQ==",
      "peer": true,
      "dependencies": {
        "loose-envify": "^1.1.0",
        "object-assign": "^4.1.1"
      }
    }
  },
  "dependencies": {
    "@syncfusion/ej2-base": {
      "version": "19.1.64",
      "resolved": "https://registry.npmjs.org/@syncfusion/ej2-base/-/ej2-base-19.1.64.tgz",
      "integrity": "sha512-1DwvZ0ul/8AuHfWJU4m9fMtsztHsA5r2vgTW+S3UYSiGn7tOnKc6lDfUhlz+yn/sioYUVHVqZXyt5E5d4XAQTw==",
      "requires": {
        "@syncfusion/ej2-icons": "~19.1.63"
      }
    },
    "@syncfusion/ej2-buttons": {
      "version": "19.1.63",
      "resolved": "https://registry.npmjs.org/@syncfusion/ej2-buttons/-/ej2-buttons-19.1.63.tgz",
      "integrity": "sha512-kChTWZiZHcroAfaF22N7b1JDSK3U+mPlJHEozjx/qFx8DL5F7p9NunrtsehWYzssWD5FSabdnbcJ6fU4JYACNQ==",
      "requires": {
        "@syncfusion/ej2-base": "~19.1.63"
      }
    },
    "@syncfusion/ej2-calendars": {
      "version": "19.1.66",
      "resolved": "https://registry.npmjs.org/@syncfusion/ej2-calendars/-/ej2-calendars-19.1.66.tgz",
      "integrity": "sha512-0OpFtSJ10ilXF19JU8dJrj9n229TA8ZfEXzeQyeS2ejTa1NoUBCsU/TTgkoT2UP1s6mxWty5ojtsLrHsESC9pQ==",
      "requires": {
        "@syncfusion/ej2-base": "~19.1.64",
        "@syncfusion/ej2-buttons": "~19.1.63",
        "@syncfusion/ej2-inputs": "~19.1.66",
        "@syncfusion/ej2-lists": "~19.1.65",
        "@syncfusion/ej2-popups": "~19.1.66"
      }
    },
    "@syncfusion/ej2-circulargauge": {
      "version": "19.2.47",
      "resolved": "https://registry.npmjs.org/@syncfusion/ej2-circulargauge/-/ej2-circulargauge-19.2.47.tgz",
      "integrity": "sha512-+TbC1D56RUFhh5SBsfAvJUBiQKt/Km/0z3x8oz5qYyM4hVIOjO8tuVQDC+UYjwoNlMFOTPReh0jnvfj6OvZ6gQ==",
      "requires": {
        "@syncfusion/ej2-base": "~19.2.47",
        "@syncfusion/ej2-pdf-export": "~19.2.46",
        "@syncfusion/ej2-svg-base": "~19.2.44"
      },
      "dependencies": {
        "@syncfusion/ej2-base": {
          "version": "19.2.47",
          "resolved": "https://registry.npmjs.org/@syncfusion/ej2-base/-/ej2-base-19.2.47.tgz",
          "integrity": "sha512-LrD79n9K7El+jYnOxaFZfRdB6KEAHw30/5iFGYERsVDn3FNFM9F0wJnsrn6xezTFNxkGIrwuCXkrOOWdm+gHBA==",
          "requires": {
            "@syncfusion/ej2-icons": "~19.2.44"
          }
        },
        "@syncfusion/ej2-icons": {
          "version": "19.2.44",
          "resolved": "https://registry.npmjs.org/@syncfusion/ej2-icons/-/ej2-icons-19.2.44.tgz",
          "integrity": "sha512-FXOQ6L90aLgn9ab6hUlX4TG01ztqy974DqxF/8JCIkT+V0BBbDdcQ/un5+j71elXtH5EpNYA6WjnVLiisuoZoA=="
        }
      }
    },
    "@syncfusion/ej2-compression": {
      "version": "19.1.63",
      "resolved": "https://registry.npmjs.org/@syncfusion/ej2-compression/-/ej2-compression-19.1.63.tgz",
      "integrity": "sha512-/I7deN2QMhJsVxYZB+FFM6mDG6q7YlchMsoo8rjC13riC0pCfOTkqnQ7yJVFUNXh4IV+C2sXHoevd3x15iiT2Q==",
      "requires": {
        "@syncfusion/ej2-file-utils": "~19.1.63"
      }
    },
    "@syncfusion/ej2-data": {
      "version": "19.1.63",
      "resolved": "https://registry.npmjs.org/@syncfusion/ej2-data/-/ej2-data-19.1.63.tgz",
      "integrity": "sha512-b/CDLzLHpdL57/RX7FW8rB6DYtozxbAPBa1OWpzFs/cnf084D2XpSnigaplmbsFwFTQ1O+aaDYWEBn892kn/gw==",
      "requires": {
        "@syncfusion/ej2-base": "~19.1.63"
      }
    },
    "@syncfusion/ej2-dropdowns": {
      "version": "19.1.65",
      "resolved": "https://registry.npmjs.org/@syncfusion/ej2-dropdowns/-/ej2-dropdowns-19.1.65.tgz",
      "integrity": "sha512-BtNRjcxfB/gAeWtEEKCEmSvFhKvlmcz/7mSTTOJJ/jCTO062U4/5MF/24gAKNiwGi+jay5QCmIfRxWhd2f4AXg==",
      "requires": {
        "@syncfusion/ej2-base": "~19.1.64",
        "@syncfusion/ej2-data": "~19.1.63",
        "@syncfusion/ej2-inputs": "~19.1.63",
        "@syncfusion/ej2-lists": "~19.1.65",
        "@syncfusion/ej2-navigations": "~19.1.63",
        "@syncfusion/ej2-popups": "~19.1.64"
      }
    },
    "@syncfusion/ej2-excel-export": {
      "version": "19.1.66",
      "resolved": "https://registry.npmjs.org/@syncfusion/ej2-excel-export/-/ej2-excel-export-19.1.66.tgz",
      "integrity": "sha512-8MmfPSTLwwRmU/hEb6xwrftg4ogOwQWMpkmekJS5wYNIYpTqQvOcdqd+liaK/nlBuAvZ+38K+zmnScAp500o1w==",
      "requires": {
        "@syncfusion/ej2-base": "~19.1.64",
        "@syncfusion/ej2-compression": "~19.1.63"
      }
    },
    "@syncfusion/ej2-file-utils": {
      "version": "19.1.63",
      "resolved": "https://registry.npmjs.org/@syncfusion/ej2-file-utils/-/ej2-file-utils-19.1.63.tgz",
      "integrity": "sha512-R1EW7/VsA1Wqpl+BxcqgR6ceQz3aD/L1Mrn4vEfUfxb4ZFsRzmNdSBAl8p/oqKuhOhoBR/9kZqJYIZC5FRp48g=="
    },
    "@syncfusion/ej2-icons": {
      "version": "19.1.63",
      "resolved": "https://registry.npmjs.org/@syncfusion/ej2-icons/-/ej2-icons-19.1.63.tgz",
      "integrity": "sha512-v8u+Us55IxqMRZzCdj8ueRgkbVylilaNeuySgdlOHumjucsH9xo24XLJ7iQaSYsOcz9df8yDsd2DsfXAepBQhw=="
    },
    "@syncfusion/ej2-inputs": {
      "version": "19.1.66",
      "resolved": "https://registry.npmjs.org/@syncfusion/ej2-inputs/-/ej2-inputs-19.1.66.tgz",
      "integrity": "sha512-do3g6b5lGXdWERJwHwMiwWQIADaJXOdNrhk8jGFpr5eYu+dqzKTN+DsXZixKT+bIm3q8uBklF92EoKzB8vs7hw==",
      "requires": {
        "@syncfusion/ej2-base": "~19.1.64",
        "@syncfusion/ej2-buttons": "~19.1.63",
        "@syncfusion/ej2-popups": "~19.1.66",
        "@syncfusion/ej2-splitbuttons": "~19.1.63"
      }
    },
    "@syncfusion/ej2-lists": {
      "version": "19.1.65",
      "resolved": "https://registry.npmjs.org/@syncfusion/ej2-lists/-/ej2-lists-19.1.65.tgz",
      "integrity": "sha512-XBBRbP5JoHGgOkP29PMGzSWxKmGIZWDvLqG7ZDmXYYrWF+KXO6tJvQxSuiwOKeKThi0un5TPIZvBLDg0f/XUxg==",
      "requires": {
        "@syncfusion/ej2-base": "~19.1.64",
        "@syncfusion/ej2-buttons": "~19.1.63",
        "@syncfusion/ej2-data": "~19.1.63"
      }
    },
    "@syncfusion/ej2-navigations": {
      "version": "19.1.66",
      "resolved": "https://registry.npmjs.org/@syncfusion/ej2-navigations/-/ej2-navigations-19.1.66.tgz",
      "integrity": "sha512-djYvUDbxCwFnCNN2ZpfJiHJDJ9VGcBd+9ZSW34zjNtQLQgmbK9NMsITIYW8+fenbcGzdAdnV0h0HxuiOFijt2A==",
      "requires": {
        "@syncfusion/ej2-base": "~19.1.64",
        "@syncfusion/ej2-buttons": "~19.1.63",
        "@syncfusion/ej2-data": "~19.1.63",
        "@syncfusion/ej2-inputs": "~19.1.66",
        "@syncfusion/ej2-lists": "~19.1.65",
        "@syncfusion/ej2-popups": "~19.1.66"
      }
    },
    "@syncfusion/ej2-pdf-export": {
      "version": "19.2.46",
      "resolved": "https://registry.npmjs.org/@syncfusion/ej2-pdf-export/-/ej2-pdf-export-19.2.46.tgz",
      "integrity": "sha512-cdeEL74yzcHfBaQ93oS/JokcMFifEn+VlBH0lkynohBoAZwssN9+CMEatKXvdWC84QczPR63hvajIT21WSprtw==",
      "requires": {
        "@syncfusion/ej2-compression": "~19.2.44"
      },
      "dependencies": {
        "@syncfusion/ej2-compression": {
          "version": "19.2.44",
          "resolved": "https://registry.npmjs.org/@syncfusion/ej2-compression/-/ej2-compression-19.2.44.tgz",
          "integrity": "sha512-iB2jDB1/36I8GURQS+YROxz0EQW8lzy7EhcHqjyHQwjhXJPb/+a3R32uzexXMh8t80z7wZ9IXf5jHSPnWPAXhA==",
          "requires": {
            "@syncfusion/ej2-file-utils": "~19.2.44"
          }
        },
        "@syncfusion/ej2-file-utils": {
          "version": "19.2.44",
          "resolved": "https://registry.npmjs.org/@syncfusion/ej2-file-utils/-/ej2-file-utils-19.2.44.tgz",
          "integrity": "sha512-STVMHeeCcrfmuTwsmYeeyM+8OgpGqXP0usLCEp5d39cl7Jzct8T3eqpMKLpvFzUNhknHI6r493JhOvCw/WoZbA=="
        }
      }
    },
    "@syncfusion/ej2-popups": {
      "version": "19.1.66",
      "resolved": "https://registry.npmjs.org/@syncfusion/ej2-popups/-/ej2-popups-19.1.66.tgz",
      "integrity": "sha512-GhPEsPayibcwW9oXCtR+F3+ewomB5ZAmmmJoKIIJvJzbIo0EMle0ftENW1HN4ROJBdIqjWu7aGboOaz6AeuBXw==",
      "requires": {
        "@syncfusion/ej2-base": "~19.1.64",
        "@syncfusion/ej2-buttons": "~19.1.63"
      }
    },
    "@syncfusion/ej2-react-buttons": {
      "version": "19.1.63",
      "resolved": "https://registry.npmjs.org/@syncfusion/ej2-react-buttons/-/ej2-react-buttons-19.1.63.tgz",
      "integrity": "sha512-m2RAft5J1Ye6ZkYCsFV+KbaSdsk2suQvGfaSeITwEhNfAJWpWmbVASiIX49FxyclrFowNSKx6es8rZZjPeuQFw==",
      "requires": {
        "@syncfusion/ej2-base": "~19.1.63",
        "@syncfusion/ej2-buttons": "19.1.63",
        "@syncfusion/ej2-react-base": "~19.1.63"
      },
      "dependencies": {
        "@syncfusion/ej2-react-base": {
          "version": "19.1.65",
          "resolved": "https://registry.npmjs.org/@syncfusion/ej2-react-base/-/ej2-react-base-19.1.65.tgz",
          "integrity": "sha512-7i1mKOh3nBz9bR2N8zQrFcjA40nEwbdMiK2u4dOH3TixKhS6OMBf7Xul7XNY6AZiasGSueQHIPyBRp69/syQaQ==",
          "requires": {
            "@syncfusion/ej2-base": "~19.1.64"
          }
        },
        "react": {
          "version": "17.0.2",
          "resolved": "https://registry.npmjs.org/react/-/react-17.0.2.tgz",
          "integrity": "sha512-gnhPt75i/dq/z3/6q/0asP78D0u592D5L1pd7M8P+dck6Fu/jJeL6iVVK23fptSUZj8Vjf++7wXA8UNclGQcbA==",
          "peer": true,
          "requires": {
            "loose-envify": "^1.1.0",
            "object-assign": "^4.1.1"
          }
        },
        "react-dom": {
          "version": "17.0.2",
          "resolved": "https://registry.npmjs.org/react-dom/-/react-dom-17.0.2.tgz",
          "integrity": "sha512-s4h96KtLDUQlsENhMn1ar8t2bEa+q/YAtj8pPPdIjPDGBDIVNsrD9aXNWqspUe6AzKCIG0C1HZZLqLV7qpOBGA==",
          "peer": true,
          "requires": {
            "loose-envify": "^1.1.0",
            "object-assign": "^4.1.1",
            "scheduler": "^0.20.2"
          }
        }
      }
    },
    "@syncfusion/ej2-react-circulargauge": {
      "version": "19.2.47",
      "resolved": "https://registry.npmjs.org/@syncfusion/ej2-react-circulargauge/-/ej2-react-circulargauge-19.2.47.tgz",
      "integrity": "sha512-gzDkHVIpmHSZOLlD1cdFYJwn2kwBuWhtFgfzK1hudWdTBIoUsVzVGfn/sdDt9O0HJBAVmKy6W1V3IrXCmfdWDQ==",
      "requires": {
        "@syncfusion/ej2-base": "~19.2.47",
        "@syncfusion/ej2-circulargauge": "19.2.47",
        "@syncfusion/ej2-react-base": "~19.2.44"
      },
      "dependencies": {
        "@syncfusion/ej2-base": {
          "version": "19.2.47",
          "resolved": "https://registry.npmjs.org/@syncfusion/ej2-base/-/ej2-base-19.2.47.tgz",
          "integrity": "sha512-LrD79n9K7El+jYnOxaFZfRdB6KEAHw30/5iFGYERsVDn3FNFM9F0wJnsrn6xezTFNxkGIrwuCXkrOOWdm+gHBA==",
          "requires": {
            "@syncfusion/ej2-icons": "~19.2.44"
          }
        },
        "@syncfusion/ej2-icons": {
          "version": "19.2.44",
          "resolved": "https://registry.npmjs.org/@syncfusion/ej2-icons/-/ej2-icons-19.2.44.tgz",
          "integrity": "sha512-FXOQ6L90aLgn9ab6hUlX4TG01ztqy974DqxF/8JCIkT+V0BBbDdcQ/un5+j71elXtH5EpNYA6WjnVLiisuoZoA=="
        },
        "@syncfusion/ej2-react-base": {
          "version": "19.2.44",
          "resolved": "https://registry.npmjs.org/@syncfusion/ej2-react-base/-/ej2-react-base-19.2.44.tgz",
          "integrity": "sha512-RhE7K6LZzqb3fONz1LGcy/l8K1QFFeL6galnJ/EFZcd8lKdF39PIPojB6OzxQuvfl2hjjHYT9gAkgfXAXHmomw==",
          "requires": {
            "@syncfusion/ej2-base": "~19.2.44"
          }
        },
        "react": {
          "version": "17.0.2",
          "resolved": "https://registry.npmjs.org/react/-/react-17.0.2.tgz",
          "integrity": "sha512-gnhPt75i/dq/z3/6q/0asP78D0u592D5L1pd7M8P+dck6Fu/jJeL6iVVK23fptSUZj8Vjf++7wXA8UNclGQcbA==",
          "peer": true,
          "requires": {
            "loose-envify": "^1.1.0",
            "object-assign": "^4.1.1"
          }
        },
        "react-dom": {
          "version": "17.0.2",
          "resolved": "https://registry.npmjs.org/react-dom/-/react-dom-17.0.2.tgz",
          "integrity": "sha512-s4h96KtLDUQlsENhMn1ar8t2bEa+q/YAtj8pPPdIjPDGBDIVNsrD9aXNWqspUe6AzKCIG0C1HZZLqLV7qpOBGA==",
          "peer": true,
          "requires": {
            "loose-envify": "^1.1.0",
            "object-assign": "^4.1.1",
            "scheduler": "^0.20.2"
          }
        }
      }
    },
    "@syncfusion/ej2-react-schedule": {
      "version": "19.1.66",
      "resolved": "https://registry.npmjs.org/@syncfusion/ej2-react-schedule/-/ej2-react-schedule-19.1.66.tgz",
      "integrity": "sha512-bpE37339vEimgFCm1PuYeCZ5UntMwMXf346O+7ahsDXzZCTa6oElzzNtU6ud60vAna3bIw9xdrg3uagGyKTVpw==",
      "requires": {
        "@syncfusion/ej2-base": "~19.1.64",
        "@syncfusion/ej2-react-base": "~19.1.65",
        "@syncfusion/ej2-schedule": "19.1.66"
      },
      "dependencies": {
        "@syncfusion/ej2-react-base": {
          "version": "19.1.65",
          "resolved": "https://registry.npmjs.org/@syncfusion/ej2-react-base/-/ej2-react-base-19.1.65.tgz",
          "integrity": "sha512-7i1mKOh3nBz9bR2N8zQrFcjA40nEwbdMiK2u4dOH3TixKhS6OMBf7Xul7XNY6AZiasGSueQHIPyBRp69/syQaQ==",
          "requires": {
            "@syncfusion/ej2-base": "~19.1.64"
          }
        },
        "react": {
          "version": "17.0.2",
          "resolved": "https://registry.npmjs.org/react/-/react-17.0.2.tgz",
          "integrity": "sha512-gnhPt75i/dq/z3/6q/0asP78D0u592D5L1pd7M8P+dck6Fu/jJeL6iVVK23fptSUZj8Vjf++7wXA8UNclGQcbA==",
          "peer": true,
          "requires": {
            "loose-envify": "^1.1.0",
            "object-assign": "^4.1.1"
          }
        },
        "react-dom": {
          "version": "17.0.2",
          "resolved": "https://registry.npmjs.org/react-dom/-/react-dom-17.0.2.tgz",
          "integrity": "sha512-s4h96KtLDUQlsENhMn1ar8t2bEa+q/YAtj8pPPdIjPDGBDIVNsrD9aXNWqspUe6AzKCIG0C1HZZLqLV7qpOBGA==",
          "peer": true,
          "requires": {
            "loose-envify": "^1.1.0",
            "object-assign": "^4.1.1",
            "scheduler": "^0.20.2"
          }
        }
      }
    },
    "@syncfusion/ej2-schedule": {
      "version": "19.1.66",
      "resolved": "https://registry.npmjs.org/@syncfusion/ej2-schedule/-/ej2-schedule-19.1.66.tgz",
      "integrity": "sha512-TXlTtlsM9bSXNHWPy0CS6RH6eK14EJFi4UDbVQUV88UA429AnYNF4sixu7BneIqj7j2l6gM7xJWqpbFlSDgNYg==",
      "requires": {
        "@syncfusion/ej2-base": "~19.1.64",
        "@syncfusion/ej2-buttons": "~19.1.63",
        "@syncfusion/ej2-calendars": "~19.1.66",
        "@syncfusion/ej2-data": "~19.1.63",
        "@syncfusion/ej2-dropdowns": "~19.1.65",
        "@syncfusion/ej2-excel-export": "~19.1.66",
        "@syncfusion/ej2-inputs": "~19.1.66",
        "@syncfusion/ej2-lists": "~19.1.65",
        "@syncfusion/ej2-navigations": "~19.1.66",
        "@syncfusion/ej2-popups": "~19.1.66"
      }
    },
    "@syncfusion/ej2-splitbuttons": {
      "version": "19.1.63",
      "resolved": "https://registry.npmjs.org/@syncfusion/ej2-splitbuttons/-/ej2-splitbuttons-19.1.63.tgz",
      "integrity": "sha512-y9MV/YPXQ3ZXpmoNZgqBw9JCY2ECoSD4bUjL714h/+NI381fZVE3jOjJb7G1NkbEKJ353JUUs7Sg/XVMx4LDYA==",
      "requires": {
        "@syncfusion/ej2-base": "~19.1.63",
        "@syncfusion/ej2-popups": "~19.1.63"
      }
    },
    "@syncfusion/ej2-svg-base": {
      "version": "19.2.44",
      "resolved": "https://registry.npmjs.org/@syncfusion/ej2-svg-base/-/ej2-svg-base-19.2.44.tgz",
      "integrity": "sha512-jT8YrUU2vKiHt9zYfX8/9Z0OTXTQHuO+cEmDEKtc6q57TH1cZAM0yowwKBur08MoDDDwEKTrUoTrZS8XOVHrLA==",
      "requires": {
        "@syncfusion/ej2-base": "~19.2.44"
      },
      "dependencies": {
        "@syncfusion/ej2-base": {
          "version": "19.2.47",
          "resolved": "https://registry.npmjs.org/@syncfusion/ej2-base/-/ej2-base-19.2.47.tgz",
          "integrity": "sha512-LrD79n9K7El+jYnOxaFZfRdB6KEAHw30/5iFGYERsVDn3FNFM9F0wJnsrn6xezTFNxkGIrwuCXkrOOWdm+gHBA==",
          "requires": {
            "@syncfusion/ej2-icons": "~19.2.44"
          }
        },
        "@syncfusion/ej2-icons": {
          "version": "19.2.44",
          "resolved": "https://registry.npmjs.org/@syncfusion/ej2-icons/-/ej2-icons-19.2.44.tgz",
          "integrity": "sha512-FXOQ6L90aLgn9ab6hUlX4TG01ztqy974DqxF/8JCIkT+V0BBbDdcQ/un5+j71elXtH5EpNYA6WjnVLiisuoZoA=="
        }
      }
    },
    "js-tokens": {
      "version": "4.0.0",
      "resolved": "https://registry.npmjs.org/js-tokens/-/js-tokens-4.0.0.tgz",
      "integrity": "sha512-RdJUflcE3cUzKiMqQgsCu06FPu9UdIJO0beYbPhHN4k6apgJtifcoCtT9bcxOpYBtpD2kCM6Sbzg4CausW/PKQ==",
      "peer": true
    },
    "loose-envify": {
      "version": "1.4.0",
      "resolved": "https://registry.npmjs.org/loose-envify/-/loose-envify-1.4.0.tgz",
      "integrity": "sha512-lyuxPGr/Wfhrlem2CL/UcnUc1zcqKAImBDzukY7Y5F/yQiNdko6+fRLevlw1HgMySw7f611UIY408EtxRSoK3Q==",
      "peer": true,
      "requires": {
        "js-tokens": "^3.0.0 || ^4.0.0"
      }
    },
    "moment": {
      "version": "2.29.1",
      "resolved": "https://registry.npmjs.org/moment/-/moment-2.29.1.tgz",
      "integrity": "sha512-kHmoybcPV8Sqy59DwNDY3Jefr64lK/by/da0ViFcuA4DH0vQg5Q6Ze5VimxkfQNSC+Mls/Kx53s7TjP1RhFEDQ=="
    },
    "object-assign": {
      "version": "4.1.1",
      "resolved": "https://registry.npmjs.org/object-assign/-/object-assign-4.1.1.tgz",
      "integrity": "sha1-IQmtx5ZYh8/AXLvUQsrIv7s2CGM=",
      "peer": true
    },
    "prop-types": {
      "version": "15.7.2",
      "resolved": "https://registry.npmjs.org/prop-types/-/prop-types-15.7.2.tgz",
      "integrity": "sha512-8QQikdH7//R2vurIJSutZ1smHYTcLpRWEOlHnzcWHmBYrOGUysKwSsrC89BCiFj3CbrfJ/nXFdJepOVrY1GCHQ==",
      "peer": true,
      "requires": {
        "loose-envify": "^1.4.0",
        "object-assign": "^4.1.1",
        "react-is": "^16.8.1"
      }
    },
    "react": {
      "version": "16.14.0",
      "resolved": "https://registry.npmjs.org/react/-/react-16.14.0.tgz",
      "integrity": "sha512-0X2CImDkJGApiAlcf0ODKIneSwBPhqJawOa5wCtKbu7ZECrmS26NvtSILynQ66cgkT/RJ4LidJOc3bUESwmU8g==",
      "peer": true,
      "requires": {
        "loose-envify": "^1.1.0",
        "object-assign": "^4.1.1",
        "prop-types": "^15.6.2"
      }
    },
    "react-compound-timer": {
      "version": "1.2.0",
      "resolved": "https://registry.npmjs.org/react-compound-timer/-/react-compound-timer-1.2.0.tgz",
      "integrity": "sha512-BEFT0Z/+vusfAy4Ci1+G5lr8mI+dk3ddRJuu1DIYA5xGS+5P+M0o4krHmFMKgHuaIY9H3xx0KCvf3ilb1+HFWA==",
      "requires": {}
    },
    "react-is": {
      "version": "16.13.1",
      "resolved": "https://registry.npmjs.org/react-is/-/react-is-16.13.1.tgz",
      "integrity": "sha512-24e6ynE2H+OKt4kqsOvNd8kBpV65zoxbA4BVsEOB3ARVWQki/DHzaUoC5KuON/BiccDaCCTZBuOcfZs70kR8bQ==",
      "peer": true
    },
    "scheduler": {
      "version": "0.20.2",
      "resolved": "https://registry.npmjs.org/scheduler/-/scheduler-0.20.2.tgz",
      "integrity": "sha512-2eWfGgAqqWFGqtdMmcL5zCMK1U8KlXv8SQFGglL3CEtd0aDVDWgeF/YoCmvln55m5zSk3J/20hTaSBeSObsQDQ==",
      "peer": true,
      "requires": {
        "loose-envify": "^1.1.0",
        "object-assign": "^4.1.1"
      }
    }
  }
}
